{
  "name": "nodejs",
  "version": "1.0.0",
  "lockfileVersion": 2,
  "requires": true,
  "packages": {
    "": {
      "name": "nodejs",
      "version": "1.0.0",
      "license": "ISC",
      "dependencies": {
        "@hebcal/core": "^4.0.3",
        "@types/node": "^18.0.6",
        "dateformat": "^5.0.3"
      }
    },
    "node_modules/@hebcal/core": {
      "version": "4.0.3",
      "resolved": "https://registry.npmjs.org/@hebcal/core/-/core-4.0.3.tgz",
      "integrity": "sha512-4sb9xN/O35BUjcWhxwA3shLmY43j2WVQo4KBgYGbd4XDWyYgFksD1C50W0gigZKECg9F3j/jFdpT1vWFz2CiZQ==",
      "engines": {
        "node": ">= 12.17.0"
      }
    },
    "node_modules/@types/node": {
      "version": "18.0.6",
      "resolved": "https://registry.npmjs.org/@types/node/-/node-18.0.6.tgz",
      "integrity": "sha512-/xUq6H2aQm261exT6iZTMifUySEt4GR5KX8eYyY+C4MSNPqSh9oNIP7tz2GLKTlFaiBbgZNxffoR3CVRG+cljw=="
    },
    "node_modules/dateformat": {
      "version": "5.0.3",
      "resolved": "https://registry.npmjs.org/dateformat/-/dateformat-5.0.3.tgz",
      "integrity": "sha512-Kvr6HmPXUMerlLcLF+Pwq3K7apHpYmGDVqrxcDasBg86UcKeTSNWbEzU8bwdXnxnR44FtMhJAxI4Bov6Y/KUfA==",
      "engines": {
        "node": ">=12.20"
      }
    }
  },
  "dependencies": {
    "@hebcal/core": {
      "version": "4.0.3",
      "resolved": "https://registry.npmjs.org/@hebcal/core/-/core-4.0.3.tgz",
      "integrity": "sha512-4sb9xN/O35BUjcWhxwA3shLmY43j2WVQo4KBgYGbd4XDWyYgFksD1C50W0gigZKECg9F3j/jFdpT1vWFz2CiZQ=="
    },
    "@types/node": {
      "version": "18.0.6",
      "resolved": "https://registry.npmjs.org/@types/node/-/node-18.0.6.tgz",
      "integrity": "sha512-/xUq6H2aQm261exT6iZTMifUySEt4GR5KX8eYyY+C4MSNPqSh9oNIP7tz2GLKTlFaiBbgZNxffoR3CVRG+cljw=="
    },
    "dateformat": {
      "version": "5.0.3",
      "resolved": "https://registry.npmjs.org/dateformat/-/dateformat-5.0.3.tgz",
      "integrity": "sha512-Kvr6HmPXUMerlLcLF+Pwq3K7apHpYmGDVqrxcDasBg86UcKeTSNWbEzU8bwdXnxnR44FtMhJAxI4Bov6Y/KUfA=="
    }
  }
}
